
Microsoft Visual Studio Solution File, Format Version 12.00
# Visual Studio 15
VisualStudioVersion = 15.0.26430.6
MinimumVisualStudioVersion = 10.0.40219.1
Project("{8BC9CEB8-8B4A-11D0-8D11-00A0C91BC942}") = "AutoUpdate", "AutoUpdate\AutoUpdate.vcxproj", "{13E00FCE-A891-4CE8-8958-706C00C9B895}"
EndProject
Project("{8BC9CEB8-8B4A-11D0-8D11-00A0C91BC942}") = "LibAuTest", "LibAuTest\LibAuTest.vcxproj", "{7F17471C-E951-4012-85CD-946016779173}"
	ProjectSection(ProjectDependencies) = postProject
		{E4820E7E-31B5-4E97-BB3A-395867F1A6B2} = {E4820E7E-31B5-4E97-BB3A-395867F1A6B2}
	EndProjectSection
EndProject
Project("{8BC9CEB8-8B4A-11D0-8D11-00A0C91BC942}") = "LibAu", "LibAu\LibAu.vcxproj", "{E4820E7E-31B5-4E97-BB3A-395867F1A6B2}"
EndProject
Global
	GlobalSection(SolutionConfigurationPlatforms) = preSolution
		Debug|ARM = Debug|ARM
		Debug|x64 = Debug|x64
		Debug|x86 = Debug|x86
		Release|ARM = Release|ARM
		Release|x64 = Release|x64
		Release|x86 = Release|x86
	EndGlobalSection
	GlobalSection(ProjectConfigurationPlatforms) = postSolution
		{13E00FCE-A891-4CE8-8958-706C00C9B895}.Debug|ARM.ActiveCfg = Debug|Win32
		{13E00FCE-A891-4CE8-8958-706C00C9B895}.Debug|x64.ActiveCfg = Debug|x64
		{13E00FCE-A891-4CE8-8958-706C00C9B895}.Debug|x64.Build.0 = Debug|x64
		{13E00FCE-A891-4CE8-8958-706C00C9B895}.Debug|x86.ActiveCfg = Debug|Win32
		{13E00FCE-A891-4CE8-8958-706C00C9B895}.Debug|x86.Build.0 = Debug|Win32
		{13E00FCE-A891-4CE8-8958-706C00C9B895}.Release|ARM.ActiveCfg = Release|Win32
		{13E00FCE-A891-4CE8-8958-706C00C9B895}.Release|x64.ActiveCfg = Release|x64
		{13E00FCE-A891-4CE8-8958-706C00C9B895}.Release|x64.Build.0 = Release|x64
		{13E00FCE-A891-4CE8-8958-706C00C9B895}.Release|x86.ActiveCfg = Release|Win32
		{13E00FCE-A891-4CE8-8958-706C00C9B895}.Release|x86.Build.0 = Release|Win32
		{7F17471C-E951-4012-85CD-946016779173}.Debug|ARM.ActiveCfg = Debug|Win32
		{7F17471C-E951-4012-85CD-946016779173}.Debug|x64.ActiveCfg = Debug|x64
		{7F17471C-E951-4012-85CD-946016779173}.Debug|x64.Build.0 = Debug|x64
		{7F17471C-E951-4012-85CD-946016779173}.Debug|x86.ActiveCfg = Debug|Win32
		{7F17471C-E951-4012-85CD-946016779173}.Debug|x86.Build.0 = Debug|Win32
		{7F17471C-E951-4012-85CD-946016779173}.Release|ARM.ActiveCfg = Release|Win32
		{7F17471C-E951-4012-85CD-946016779173}.Release|x64.ActiveCfg = Release|x64
		{7F17471C-E951-4012-85CD-946016779173}.Release|x64.Build.0 = Release|x64
		{7F17471C-E951-4012-85CD-946016779173}.Release|x86.ActiveCfg = Release|Win32
		{7F17471C-E951-4012-85CD-946016779173}.Release|x86.Build.0 = Release|Win32
		{E4820E7E-31B5-4E97-BB3A-395867F1A6B2}.Debug|ARM.ActiveCfg = Debug|Win32
		{E4820E7E-31B5-4E97-BB3A-395867F1A6B2}.Debug|x64.ActiveCfg = Debug|x64
		{E4820E7E-31B5-4E97-BB3A-395867F1A6B2}.Debug|x64.Build.0 = Debug|x64
		{E4820E7E-31B5-4E97-BB3A-395867F1A6B2}.Debug|x86.ActiveCfg = Debug|Win32
		{E4820E7E-31B5-4E97-BB3A-395867F1A6B2}.Debug|x86.Build.0 = Debug|Win32
		{E4820E7E-31B5-4E97-BB3A-395867F1A6B2}.Release|ARM.ActiveCfg = Release|Win32
		{E4820E7E-31B5-4E97-BB3A-395867F1A6B2}.Release|x64.ActiveCfg = Release|x64
		{E4820E7E-31B5-4E97-BB3A-395867F1A6B2}.Release|x64.Build.0 = Release|x64
		{E4820E7E-31B5-4E97-BB3A-395867F1A6B2}.Release|x86.ActiveCfg = Release|Win32
		{E4820E7E-31B5-4E97-BB3A-395867F1A6B2}.Release|x86.Build.0 = Release|Win32
	EndGlobalSection
	GlobalSection(SolutionProperties) = preSolution
		HideSolutionNode = FALSE
	EndGlobalSection
EndGlobal
